{
  "name": "hand_tracking",
  "version": "1.0.0",
  "lockfileVersion": 1,
  "requires": true,
  "dependencies": {
    "@tensorflow-models/handpose": {
      "version": "0.0.5",
      "resolved": "https://registry.npmjs.org/@tensorflow-models/handpose/-/handpose-0.0.5.tgz",
      "integrity": "sha512-sygyoOp0AU8COlTZJCq/j2YtfhroY2/aWjDa+enYk7Kw7XxLxIefvRG+UixRxQe24VWlAmVKDFxNGTR265G9DA=="
    }
  }
}
